
Microsoft Visual Studio Solution File, Format Version 12.00
# Visual Studio Version 17
VisualStudioVersion = 17.14.36414.22 d17.14
MinimumVisualStudioVersion = 10.0.40219.1
Project("{FAE04EC0-301F-11D3-BF4B-00C04F79EFBC}") = "20120301203", "20120301203\20120301203.csproj", "{1FA8ADEF-165F-446F-9897-1DA4D94FCCE8}"
EndProject
Project("{FAE04EC0-301F-11D3-BF4B-00C04F79EFBC}") = "bambambam", "bambambam\bambambam.csproj", "{243F1AED-EFD9-431F-A69E-9576368301A8}"
EndProject
Global
	GlobalSection(SolutionConfigurationPlatforms) = preSolution
		Debug|Any CPU = Debug|Any CPU
		Release|Any CPU = Release|Any CPU
	EndGlobalSection
	GlobalSection(ProjectConfigurationPlatforms) = postSolution
		{1FA8ADEF-165F-446F-9897-1DA4D94FCCE8}.Debug|Any CPU.ActiveCfg = Debug|Any CPU
		{1FA8ADEF-165F-446F-9897-1DA4D94FCCE8}.Debug|Any CPU.Build.0 = Debug|Any CPU
		{1FA8ADEF-165F-446F-9897-1DA4D94FCCE8}.Release|Any CPU.ActiveCfg = Release|Any CPU
		{1FA8ADEF-165F-446F-9897-1DA4D94FCCE8}.Release|Any CPU.Build.0 = Release|Any CPU
		{243F1AED-EFD9-431F-A69E-9576368301A8}.Debug|Any CPU.ActiveCfg = Debug|Any CPU
		{243F1AED-EFD9-431F-A69E-9576368301A8}.Debug|Any CPU.Build.0 = Debug|Any CPU
		{243F1AED-EFD9-431F-A69E-9576368301A8}.Release|Any CPU.ActiveCfg = Release|Any CPU
		{243F1AED-EFD9-431F-A69E-9576368301A8}.Release|Any CPU.Build.0 = Release|Any CPU
	EndGlobalSection
	GlobalSection(SolutionProperties) = preSolution
		HideSolutionNode = FALSE
	EndGlobalSection
	GlobalSection(ExtensibilityGlobals) = postSolution
		SolutionGuid = {85361F75-19CE-416E-9C0B-98CEEC24B4FB}
	EndGlobalSection
EndGlobal
